// !$*UTF8*$!
{
	archiveVersion = 1;
	classes = {
	};
	objectVersion = 46;
	objects = {

/* Begin PBXBuildFile section */
		C51C08011E21C6F30041F490 /* AuxiliaryViews.swift in Sources */ = {isa = PBXBuildFile; fileRef = C59C3BD61D301DA200626D43 /* AuxiliaryViews.swift */; };
		C57D63CA1E286CC100F874E1 /* SlideUpTransition.swift in Sources */ = {isa = PBXBuildFile; fileRef = C57D63C91E286CC100F874E1 /* SlideUpTransition.swift */; };
		C57D63CC1E286D0B00F874E1 /* SearchFilterVC.swift in Sources */ = {isa = PBXBuildFile; fileRef = C57D63CB1E286D0B00F874E1 /* SearchFilterVC.swift */; };
		C582FA3C1D30913B00A48825 /* SubscribedVC.swift in Sources */ = {isa = PBXBuildFile; fileRef = C582FA3B1D30913B00A48825 /* SubscribedVC.swift */; };
		C582FA3E1D30914E00A48825 /* ChannelVC.swift in Sources */ = {isa = PBXBuildFile; fileRef = C582FA3D1D30914E00A48825 /* ChannelVC.swift */; };
		C582FA401D30915600A48825 /* SearchVC.swift in Sources */ = {isa = PBXBuildFile; fileRef = C582FA3F1D30915600A48825 /* SearchVC.swift */; };
		C59C3BC21D30193C00626D43 /* AppDelegate.swift in Sources */ = {isa = PBXBuildFile; fileRef = C59C3BC11D30193C00626D43 /* AppDelegate.swift */; };
		C59C3BC41D30193C00626D43 /* FeedVC.swift in Sources */ = {isa = PBXBuildFile; fileRef = C59C3BC31D30193C00626D43 /* FeedVC.swift */; };
		C59C3BC71D30193C00626D43 /* Main.storyboard in Resources */ = {isa = PBXBuildFile; fileRef = C59C3BC51D30193C00626D43 /* Main.storyboard */; };
		C59C3BCA1D30193C00626D43 /* Players.xcdatamodeld in Sources */ = {isa = PBXBuildFile; fileRef = C59C3BC81D30193C00626D43 /* Players.xcdatamodeld */; };
		C59C3BCC1D30193C00626D43 /* Assets.xcassets in Resources */ = {isa = PBXBuildFile; fileRef = C59C3BCB1D30193C00626D43 /* Assets.xcassets */; };
		C59C3BCF1D30193C00626D43 /* LaunchScreen.storyboard in Resources */ = {isa = PBXBuildFile; fileRef = C59C3BCD1D30193C00626D43 /* LaunchScreen.storyboard */; };
		C5B5F2A31D304D6100C10125 /* Cloud.swift in Sources */ = {isa = PBXBuildFile; fileRef = C5B5F2A21D304D6100C10125 /* Cloud.swift */; };
		C5E0029C1D31409F001FA21D /* VideoPlayerVC.swift in Sources */ = {isa = PBXBuildFile; fileRef = C5E0029B1D31409F001FA21D /* VideoPlayerVC.swift */; };
		C5F332341FF6F460007DB076 /* CacheVC.swift in Sources */ = {isa = PBXBuildFile; fileRef = C5F332331FF6F460007DB076 /* CacheVC.swift */; };
/* End PBXBuildFile section */

/* Begin PBXFileReference section */
		C57D63C91E286CC100F874E1 /* SlideUpTransition.swift */ = {isa = PBXFileReference; fileEncoding = 4; lastKnownFileType = sourcecode.swift; path = SlideUpTransition.swift; sourceTree = "<group>"; };
		C57D63CB1E286D0B00F874E1 /* SearchFilterVC.swift */ = {isa = PBXFileReference; fileEncoding = 4; lastKnownFileType = sourcecode.swift; path = SearchFilterVC.swift; sourceTree = "<group>"; };
		C582FA3B1D30913B00A48825 /* SubscribedVC.swift */ = {isa = PBXFileReference; fileEncoding = 4; lastKnownFileType = sourcecode.swift; path = SubscribedVC.swift; sourceTree = "<group>"; };
		C582FA3D1D30914E00A48825 /* ChannelVC.swift */ = {isa = PBXFileReference; fileEncoding = 4; lastKnownFileType = sourcecode.swift; path = ChannelVC.swift; sourceTree = "<group>"; };
		C582FA3F1D30915600A48825 /* SearchVC.swift */ = {isa = PBXFileReference; fileEncoding = 4; lastKnownFileType = sourcecode.swift; path = SearchVC.swift; sourceTree = "<group>"; };
		C59C3BBE1D30193C00626D43 /* Players.app */ = {isa = PBXFileReference; explicitFileType = wrapper.application; includeInIndex = 0; path = Players.app; sourceTree = BUILT_PRODUCTS_DIR; };
		C59C3BC11D30193C00626D43 /* AppDelegate.swift */ = {isa = PBXFileReference; lastKnownFileType = sourcecode.swift; path = AppDelegate.swift; sourceTree = "<group>"; };
		C59C3BC31D30193C00626D43 /* FeedVC.swift */ = {isa = PBXFileReference; lastKnownFileType = sourcecode.swift; path = FeedVC.swift; sourceTree = "<group>"; };
		C59C3BC61D30193C00626D43 /* Base */ = {isa = PBXFileReference; lastKnownFileType = file.storyboard; name = Base; path = Base.lproj/Main.storyboard; sourceTree = "<group>"; };
		C59C3BC91D30193C00626D43 /* Players.xcdatamodel */ = {isa = PBXFileReference; lastKnownFileType = wrapper.xcdatamodel; path = Players.xcdatamodel; sourceTree = "<group>"; };
		C59C3BCB1D30193C00626D43 /* Assets.xcassets */ = {isa = PBXFileReference; lastKnownFileType = folder.assetcatalog; path = Assets.xcassets; sourceTree = "<group>"; };
		C59C3BCE1D30193C00626D43 /* Base */ = {isa = PBXFileReference; lastKnownFileType = file.storyboard; name = Base; path = Base.lproj/LaunchScreen.storyboard; sourceTree = "<group>"; };
		C59C3BD01D30193C00626D43 /* Info.plist */ = {isa = PBXFileReference; lastKnownFileType = text.plist.xml; path = Info.plist; sourceTree = "<group>"; };
		C59C3BD61D301DA200626D43 /* AuxiliaryViews.swift */ = {isa = PBXFileReference; fileEncoding = 4; lastKnownFileType = sourcecode.swift; path = AuxiliaryViews.swift; sourceTree = "<group>"; };
		C5B5F2A21D304D6100C10125 /* Cloud.swift */ = {isa = PBXFileReference; fileEncoding = 4; lastKnownFileType = sourcecode.swift; path = Cloud.swift; sourceTree = "<group>"; };
		C5E0029B1D31409F001FA21D /* VideoPlayerVC.swift */ = {isa = PBXFileReference; fileEncoding = 4; lastKnownFileType = sourcecode.swift; path = VideoPlayerVC.swift; sourceTree = "<group>"; };
		C5F332331FF6F460007DB076 /* CacheVC.swift */ = {isa = PBXFileReference; lastKnownFileType = sourcecode.swift; path = CacheVC.swift; sourceTree = "<group>"; };
/* End PBXFileReference section */

/* Begin PBXFrameworksBuildPhase section */
		C59C3BBB1D30193C00626D43 /* Frameworks */ = {
			isa = PBXFrameworksBuildPhase;
			buildActionMask = 2147483647;
			files = (
			);
			runOnlyForDeploymentPostprocessing = 0;
		};
/* End PBXFrameworksBuildPhase section */

/* Begin PBXGroup section */
		C59C3BB51D30193C00626D43 = {
			isa = PBXGroup;
			children = (
				C59C3BC01D30193C00626D43 /* Players */,
				C59C3BBF1D30193C00626D43 /* Products */,
			);
			sourceTree = "<group>";
		};
		C59C3BBF1D30193C00626D43 /* Products */ = {
			isa = PBXGroup;
			children = (
				C59C3BBE1D30193C00626D43 /* Players.app */,
			);
			name = Products;
			sourceTree = "<group>";
		};
		C59C3BC01D30193C00626D43 /* Players */ = {
			isa = PBXGroup;
			children = (
				C59C3BC11D30193C00626D43 /* AppDelegate.swift */,
				C59C3BC51D30193C00626D43 /* Main.storyboard */,
				C5B5F2A41D30657B00C10125 /* Views */,
				C5B5F2A51D30658900C10125 /* Data */,
				C59C3BCB1D30193C00626D43 /* Assets.xcassets */,
				C59C3BCD1D30193C00626D43 /* LaunchScreen.storyboard */,
				C59C3BD01D30193C00626D43 /* Info.plist */,
			);
			path = Players;
			sourceTree = "<group>";
		};
		C5B5F2A41D30657B00C10125 /* Views */ = {
			isa = PBXGroup;
			children = (
				C59C3BC31D30193C00626D43 /* FeedVC.swift */,
				C582FA3B1D30913B00A48825 /* SubscribedVC.swift */,
				C582FA3D1D30914E00A48825 /* ChannelVC.swift */,
				C582FA3F1D30915600A48825 /* SearchVC.swift */,
				C57D63CB1E286D0B00F874E1 /* SearchFilterVC.swift */,
				C5F332331FF6F460007DB076 /* CacheVC.swift */,
				C5E0029B1D31409F001FA21D /* VideoPlayerVC.swift */,
			);
			name = Views;
			sourceTree = "<group>";
		};
		C5B5F2A51D30658900C10125 /* Data */ = {
			isa = PBXGroup;
			children = (
				C59C3BC81D30193C00626D43 /* Players.xcdatamodeld */,
				C59C3BD61D301DA200626D43 /* AuxiliaryViews.swift */,
				C57D63C91E286CC100F874E1 /* SlideUpTransition.swift */,
				C5B5F2A21D304D6100C10125 /* Cloud.swift */,
			);
			name = Data;
			sourceTree = "<group>";
		};
/* End PBXGroup section */

/* Begin PBXNativeTarget section */
		C59C3BBD1D30193C00626D43 /* Players */ = {
			isa = PBXNativeTarget;
			buildConfigurationList = C59C3BD31D30193C00626D43 /* Build configuration list for PBXNativeTarget "Players" */;
			buildPhases = (
				C59C3BBA1D30193C00626D43 /* Sources */,
				C59C3BBB1D30193C00626D43 /* Frameworks */,
				C59C3BBC1D30193C00626D43 /* Resources */,
			);
			buildRules = (
			);
			dependencies = (
			);
			name = Players;
			productName = Players;
			productReference = C59C3BBE1D30193C00626D43 /* Players.app */;
			productType = "com.apple.product-type.application";
		};
/* End PBXNativeTarget section */

/* Begin PBXProject section */
		C59C3BB61D30193C00626D43 /* Project object */ = {
			isa = PBXProject;
			attributes = {
				LastSwiftUpdateCheck = 0800;
				LastUpgradeCheck = 0930;
				ORGANIZATIONNAME = "Warren Seto";
				TargetAttributes = {
					C59C3BBD1D30193C00626D43 = {
						CreatedOnToolsVersion = 8.0;
						DevelopmentTeamName = "Warren Seto (Personal Team)";
						LastSwiftMigration = 0920;
						ProvisioningStyle = Automatic;
						SystemCapabilities = {
							com.apple.BackgroundModes = {
								enabled = 1;
							};
						};
					};
				};
			};
			buildConfigurationList = C59C3BB91D30193C00626D43 /* Build configuration list for PBXProject "Players" */;
			compatibilityVersion = "Xcode 3.2";
			developmentRegion = English;
			hasScannedForEncodings = 0;
			knownRegions = (
				en,
				Base,
			);
			mainGroup = C59C3BB51D30193C00626D43;
			productRefGroup = C59C3BBF1D30193C00626D43 /* Products */;
			projectDirPath = "";
			projectRoot = "";
			targets = (
				C59C3BBD1D30193C00626D43 /* Players */,
			);
		};
/* End PBXProject section */

/* Begin PBXResourcesBuildPhase section */
		C59C3BBC1D30193C00626D43 /* Resources */ = {
			isa = PBXResourcesBuildPhase;
			buildActionMask = 2147483647;
			files = (
				C59C3BCF1D30193C00626D43 /* LaunchScreen.storyboard in Resources */,
				C59C3BCC1D30193C00626D43 /* Assets.xcassets in Resources */,
				C59C3BC71D30193C00626D43 /* Main.storyboard in Resources */,
			);
			runOnlyForDeploymentPostprocessing = 0;
		};
/* End PBXResourcesBuildPhase section */

/* Begin PBXSourcesBuildPhase section */
		C59C3BBA1D30193C00626D43 /* Sources */ = {
			isa = PBXSourcesBuildPhase;
			buildActionMask = 2147483647;
			files = (
				C582FA3C1D30913B00A48825 /* SubscribedVC.swift in Sources */,
				C5B5F2A31D304D6100C10125 /* Cloud.swift in Sources */,
				C5F332341FF6F460007DB076 /* CacheVC.swift in Sources */,
				C57D63CA1E286CC100F874E1 /* SlideUpTransition.swift in Sources */,
				C59C3BC41D30193C00626D43 /* FeedVC.swift in Sources */,
				C59C3BC21D30193C00626D43 /* AppDelegate.swift in Sources */,
				C582FA401D30915600A48825 /* SearchVC.swift in Sources */,
				C51C08011E21C6F30041F490 /* AuxiliaryViews.swift in Sources */,
				C5E0029C1D31409F001FA21D /* VideoPlayerVC.swift in Sources */,
				C59C3BCA1D30193C00626D43 /* Players.xcdatamodeld in Sources */,
				C57D63CC1E286D0B00F874E1 /* SearchFilterVC.swift in Sources */,
				C582FA3E1D30914E00A48825 /* ChannelVC.swift in Sources */,
			);
			runOnlyForDeploymentPostprocessing = 0;
		};
/* End PBXSourcesBuildPhase section */

/* Begin PBXVariantGroup section */
		C59C3BC51D30193C00626D43 /* Main.storyboard */ = {
			isa = PBXVariantGroup;
			children = (
				C59C3BC61D30193C00626D43 /* Base */,
			);
			name = Main.storyboard;
			sourceTree = "<group>";
		};
		C59C3BCD1D30193C00626D43 /* LaunchScreen.storyboard */ = {
			isa = PBXVariantGroup;
			children = (
				C59C3BCE1D30193C00626D43 /* Base */,
			);
			name = LaunchScreen.storyboard;
			sourceTree = "<group>";
		};
/* End PBXVariantGroup section */

/* Begin XCBuildConfiguration section */
		C59C3BD11D30193C00626D43 /* Debug */ = {
			isa = XCBuildConfiguration;
			buildSettings = {
				ALWAYS_SEARCH_USER_PATHS = NO;
				CLANG_ANALYZER_NONNULL = YES;
				CLANG_CXX_LANGUAGE_STANDARD = "gnu++0x";
				CLANG_CXX_LIBRARY = "libc++";
				CLANG_ENABLE_MODULES = YES;
				CLANG_ENABLE_OBJC_ARC = YES;
				CLANG_WARN_BLOCK_CAPTURE_AUTORELEASING = YES;
				CLANG_WARN_BOOL_CONVERSION = YES;
				CLANG_WARN_COMMA = YES;
				CLANG_WARN_CONSTANT_CONVERSION = YES;
				CLANG_WARN_DEPRECATED_OBJC_IMPLEMENTATIONS = YES;
				CLANG_WARN_DIRECT_OBJC_ISA_USAGE = YES_ERROR;
				CLANG_WARN_DOCUMENTATION_COMMENTS = YES;
				CLANG_WARN_EMPTY_BODY = YES;
				CLANG_WARN_ENUM_CONVERSION = YES;
				CLANG_WARN_INFINITE_RECURSION = YES;
				CLANG_WARN_INT_CONVERSION = YES;
				CLANG_WARN_NON_LITERAL_NULL_CONVERSION = YES;
				CLANG_WARN_OBJC_IMPLICIT_RETAIN_SELF = YES;
				CLANG_WARN_OBJC_LITERAL_CONVERSION = YES;
				CLANG_WARN_OBJC_ROOT_CLASS = YES_ERROR;
				CLANG_WARN_RANGE_LOOP_ANALYSIS = YES;
				CLANG_WARN_STRICT_PROTOTYPES = YES;
				CLANG_WARN_SUSPICIOUS_MOVE = YES;
				CLANG_WARN_UNREACHABLE_CODE = YES;
				CLANG_WARN__DUPLICATE_METHOD_MATCH = YES;
				"CODE_SIGN_IDENTITY[sdk=iphoneos*]" = "iPhone Developer";
				COPY_PHASE_STRIP = NO;
				DEBUG_INFORMATION_FORMAT = dwarf;
				ENABLE_STRICT_OBJC_MSGSEND = YES;
				ENABLE_TESTABILITY = YES;
				GCC_C_LANGUAGE_STANDARD = gnu99;
				GCC_DYNAMIC_NO_PIC = NO;
				GCC_NO_COMMON_BLOCKS = YES;
				GCC_OPTIMIZATION_LEVEL = 0;
				GCC_PREPROCESSOR_DEFINITIONS = (
					"DEBUG=1",
					"$(inherited)",
				);
				GCC_WARN_64_TO_32_BIT_CONVERSION = YES;
				GCC_WARN_ABOUT_RETURN_TYPE = YES_ERROR;
				GCC_WARN_UNDECLARED_SELECTOR = YES;
				GCC_WARN_UNINITIALIZED_AUTOS = YES_AGGRESSIVE;
				GCC_WARN_UNUSED_FUNCTION = YES;
				GCC_WARN_UNUSED_VARIABLE = YES;
				IPHONEOS_DEPLOYMENT_TARGET = 10.0;
				MTL_ENABLE_DEBUG_INFO = YES;
				ONLY_ACTIVE_ARCH = YES;
				SDKROOT = iphoneos;
				SWIFT_ACTIVE_COMPILATION_CONDITIONS = DEBUG;
				SWIFT_OPTIMIZATION_LEVEL = "-Onone";
				TARGETED_DEVICE_FAMILY = "1,2";
			};
			name = Debug;
		};
		C59C3BD21D30193C00626D43 /* Release */ = {
			isa = XCBuildConfiguration;
			buildSettings = {
				ALWAYS_SEARCH_USER_PATHS = NO;
				CLANG_ANALYZER_NONNULL = YES;
				CLANG_CXX_LANGUAGE_STANDARD = "gnu++0x";
				CLANG_CXX_LIBRARY = "libc++";
				CLANG_ENABLE_MODULES = YES;
				CLANG_ENABLE_OBJC_ARC = YES;
				CLANG_WARN_BLOCK_CAPTURE_AUTORELEASING = YES;
				CLANG_WARN_BOOL_CONVERSION = YES;
				CLANG_WARN_COMMA = YES;
				CLANG_WARN_CONSTANT_CONVERSION = YES;
				CLANG_WARN_DEPRECATED_OBJC_IMPLEMENTATIONS = YES;
				CLANG_WARN_DIRECT_OBJC_ISA_USAGE = YES_ERROR;
				CLANG_WARN_DOCUMENTATION_COMMENTS = YES;
				CLANG_WARN_EMPTY_BODY = YES;
				CLANG_WARN_ENUM_CONVERSION = YES;
				CLANG_WARN_INFINITE_RECURSION = YES;
				CLANG_WARN_INT_CONVERSION = YES;
				CLANG_WARN_NON_LITERAL_NULL_CONVERSION = YES;
				CLANG_WARN_OBJC_IMPLICIT_RETAIN_SELF = YES;
				CLANG_WARN_OBJC_LITERAL_CONVERSION = YES;
				CLANG_WARN_OBJC_ROOT_CLASS = YES_ERROR;
				CLANG_WARN_RANGE_LOOP_ANALYSIS = YES;
				CLANG_WARN_STRICT_PROTOTYPES = YES;
				CLANG_WARN_SUSPICIOUS_MOVE = YES;
				CLANG_WARN_UNREACHABLE_CODE = YES;
				CLANG_WARN__DUPLICATE_METHOD_MATCH = YES;
				"CODE_SIGN_IDENTITY[sdk=iphoneos*]" = "iPhone Developer";
				COPY_PHASE_STRIP = NO;
				DEBUG_INFORMATION_FORMAT = "dwarf-with-dsym";
				ENABLE_NS_ASSERTIONS = NO;
				ENABLE_STRICT_OBJC_MSGSEND = YES;
				GCC_C_LANGUAGE_STANDARD = gnu99;
				GCC_NO_COMMON_BLOCKS = YES;
				GCC_WARN_64_TO_32_BIT_CONVERSION = YES;
				GCC_WARN_ABOUT_RETURN_TYPE = YES_ERROR;
				GCC_WARN_UNDECLARED_SELECTOR = YES;
				GCC_WARN_UNINITIALIZED_AUTOS = YES_AGGRESSIVE;
				GCC_WARN_UNUSED_FUNCTION = YES;
				GCC_WARN_UNUSED_VARIABLE = YES;
				IPHONEOS_DEPLOYMENT_TARGET = 10.0;
				MTL_ENABLE_DEBUG_INFO = NO;
				SDKROOT = iphoneos;
				SWIFT_OPTIMIZATION_LEVEL = "-Owholemodule";
				TARGETED_DEVICE_FAMILY = "1,2";
				VALIDATE_PRODUCT = YES;
			};
			name = Release;
		};
		C59C3BD41D30193C00626D43 /* Debug */ = {
			isa = XCBuildConfiguration;
			buildSettings = {
				ASSETCATALOG_COMPILER_APPICON_NAME = AppIcon;
				DEVELOPMENT_TEAM = "";
				GCC_OPTIMIZATION_LEVEL = 0;
				INFOPLIST_FILE = Players/Info.plist;
				IPHONEOS_DEPLOYMENT_TARGET = 11.0;
				LD_RUNPATH_SEARCH_PATHS = "$(inherited) @executable_path/Frameworks";
				LLVM_LTO = YES_THIN;
				PRODUCT_BUNDLE_IDENTIFIER = "nextseto.Players-iOS";
				PRODUCT_NAME = "$(TARGET_NAME)";
				SWIFT_SWIFT3_OBJC_INFERENCE = Default;
				SWIFT_VERSION = 4.0;
			};
			name = Debug;
		};
		C59C3BD51D30193C00626D43 /* Release */ = {
			isa = XCBuildConfiguration;
			buildSettings = {
				ASSETCATALOG_COMPILER_APPICON_NAME = AppIcon;
				DEVELOPMENT_TEAM = "";
				GCC_OPTIMIZATION_LEVEL = fast;
				INFOPLIST_FILE = Players/Info.plist;
				IPHONEOS_DEPLOYMENT_TARGET = 11.0;
				LD_RUNPATH_SEARCH_PATHS = "$(inherited) @executable_path/Frameworks";
				LLVM_LTO = YES_THIN;
				ONLY_ACTIVE_ARCH = YES;
				PRODUCT_BUNDLE_IDENTIFIER = "nextseto.Players-iOS";
				PRODUCT_NAME = "$(TARGET_NAME)";
				SWIFT_SWIFT3_OBJC_INFERENCE = Default;
				SWIFT_VERSION = 4.0;
			};
			name = Release;
		};
/* End XCBuildConfiguration section */

/* Begin XCConfigurationList section */
		C59C3BB91D30193C00626D43 /* Build configuration list for PBXProject "Players" */ = {
			isa = XCConfigurationList;
			buildConfigurations = (
				C59C3BD11D30193C00626D43 /* Debug */,
				C59C3BD21D30193C00626D43 /* Release */,
			);
			defaultConfigurationIsVisible = 0;
			defaultConfigurationName = Release;
		};
		C59C3BD31D30193C00626D43 /* Build configuration list for PBXNativeTarget "Players" */ = {
			isa = XCConfigurationList;
			buildConfigurations = (
				C59C3BD41D30193C00626D43 /* Debug */,
				C59C3BD51D30193C00626D43 /* Release */,
			);
			defaultConfigurationIsVisible = 0;
			defaultConfigurationName = Release;
		};
/* End XCConfigurationList section */

/* Begin XCVersionGroup section */
		C59C3BC81D30193C00626D43 /* Players.xcdatamodeld */ = {
			isa = XCVersionGroup;
			children = (
				C59C3BC91D30193C00626D43 /* Players.xcdatamodel */,
			);
			currentVersion = C59C3BC91D30193C00626D43 /* Players.xcdatamodel */;
			path = Players.xcdatamodeld;
			sourceTree = "<group>";
			versionGroupType = wrapper.xcdatamodel;
		};
/* End XCVersionGroup section */
	};
	rootObject = C59C3BB61D30193C00626D43 /* Project object */;
}
